<?xml version="1.0" encoding="utf-8"?>
<Project ToolsVersion="4.0" xmlns="http://schemas.microsoft.com/developer/msbuild/2003">
  <ItemGroup>
    <Filter Include="Source Files">
      <UniqueIdentifier>{4FC737F1-C7A5-4376-A066-2A32D752A2FF}</UniqueIdentifier>
      <Extensions>cpp;c;cc;cxx;c++;def;odl;idl;hpj;bat;asm;asmx</Extensions>
    </Filter>
    <Filter Include="Header Files">
      <UniqueIdentifier>{93995380-89BD-4b04-88EB-625FBE52EBFB}</UniqueIdentifier>
      <Extensions>h;hh;hpp;hxx;h++;hm;inl;inc;ipp;xsd</Extensions>
    </Filter>
    <Filter Include="Resource Files">
      <UniqueIdentifier>{67DA6AB6-F800-4c08-8B7A-83BB121AAD01}</UniqueIdentifier>
      <Extensions>rc;ico;cur;bmp;dlg;rc2;rct;bin;rgs;gif;jpg;jpeg;jpe;resx;tiff;tif;png;wav;mfcribbon-ms</Extensions>
    </Filter>
    <Filter Include="Creational">
      <UniqueIdentifier>{e50a0836-7682-47d4-ab2e-7b5b72f9a771}</UniqueIdentifier>
    </Filter>
    <Filter Include="Templates">
      <UniqueIdentifier>{ac524667-3f0a-4963-9e23-7ef06294a079}</UniqueIdentifier>
    </Filter>
    <Filter Include="Templates\Function">
      <UniqueIdentifier>{282eec88-6b19-429e-8101-c4b847c5a6d6}</UniqueIdentifier>
    </Filter>
    <Filter Include="Templates\Class">
      <UniqueIdentifier>{8d226220-8c47-4f85-a804-807f9243be5f}</UniqueIdentifier>
    </Filter>
  </ItemGroup>
  <ItemGroup>
    <ClCompile Include="Exercises.cpp">
      <Filter>Source Files</Filter>
    </ClCompile>
    <ClCompile Include="SingleResponsibility.h">
      <Filter>Header Files</Filter>
    </ClCompile>
  </ItemGroup>
  <ItemGroup>
    <ClInclude Include="propertry.h">
      <Filter>Header Files</Filter>
    </ClInclude>
    <ClInclude Include="OpenClose.h">
      <Filter>Header Files</Filter>
    </ClInclude>
    <ClInclude Include="LiskovSubstitution.h">
      <Filter>Header Files</Filter>
    </ClInclude>
    <ClInclude Include="InterfaceSegregation.h">
      <Filter>Header Files</Filter>
    </ClInclude>
    <ClInclude Include="Common.h">
      <Filter>Header Files</Filter>
    </ClInclude>
    <ClInclude Include="DependencyInversion.h">
      <Filter>Header Files</Filter>
    </ClInclude>
    <ClInclude Include="Unique_ptr.h">
      <Filter>Header Files</Filter>
    </ClInclude>
    <ClInclude Include="Shared_Ptr.h">
      <Filter>Header Files</Filter>
    </ClInclude>
    <ClInclude Include="ObjectReturn.h">
      <Filter>Creational</Filter>
    </ClInclude>
    <ClInclude Include="FuncTemplate.h">
      <Filter>Templates\Function</Filter>
    </ClInclude>
  </ItemGroup>
</Project>